
Microsoft Visual Studio Solution File, Format Version 12.00
# Visual Studio Version 17
VisualStudioVersion = 17.4.33103.184
MinimumVisualStudioVersion = 10.0.40219.1
Project("{9A19103F-16F7-4668-BE54-9A1E7A4F7556}") = "TriviaGameAPI", "TriviaGameAPI\TriviaGameAPI.csproj", "{6739A083-1CDB-47D3-8439-A116C440DA1F}"
EndProject
Project("{9A19103F-16F7-4668-BE54-9A1E7A4F7556}") = "TriviaGameAPI.DAL", "TriviaGameAPI.DAL\TriviaGameAPI.DAL.csproj", "{B133F779-1E96-4494-BA5E-99D9CA684840}"
EndProject
Project("{FAE04EC0-301F-11D3-BF4B-00C04F79EFBC}") = "TriviaGameAPI.TestClient", "TriviaGameAPI.TestClient\TriviaGameAPI.TestClient.csproj", "{C9202C38-3C43-490F-BEC3-427EF516BCE5}"
EndProject
Global
	GlobalSection(SolutionConfigurationPlatforms) = preSolution
		Debug|Any CPU = Debug|Any CPU
		Release|Any CPU = Release|Any CPU
	EndGlobalSection
	GlobalSection(ProjectConfigurationPlatforms) = postSolution
		{6739A083-1CDB-47D3-8439-A116C440DA1F}.Debug|Any CPU.ActiveCfg = Debug|Any CPU
		{6739A083-1CDB-47D3-8439-A116C440DA1F}.Debug|Any CPU.Build.0 = Debug|Any CPU
		{6739A083-1CDB-47D3-8439-A116C440DA1F}.Release|Any CPU.ActiveCfg = Release|Any CPU
		{6739A083-1CDB-47D3-8439-A116C440DA1F}.Release|Any CPU.Build.0 = Release|Any CPU
		{B133F779-1E96-4494-BA5E-99D9CA684840}.Debug|Any CPU.ActiveCfg = Debug|Any CPU
		{B133F779-1E96-4494-BA5E-99D9CA684840}.Debug|Any CPU.Build.0 = Debug|Any CPU
		{B133F779-1E96-4494-BA5E-99D9CA684840}.Release|Any CPU.ActiveCfg = Release|Any CPU
		{B133F779-1E96-4494-BA5E-99D9CA684840}.Release|Any CPU.Build.0 = Release|Any CPU
		{C9202C38-3C43-490F-BEC3-427EF516BCE5}.Debug|Any CPU.ActiveCfg = Debug|Any CPU
		{C9202C38-3C43-490F-BEC3-427EF516BCE5}.Debug|Any CPU.Build.0 = Debug|Any CPU
		{C9202C38-3C43-490F-BEC3-427EF516BCE5}.Release|Any CPU.ActiveCfg = Release|Any CPU
		{C9202C38-3C43-490F-BEC3-427EF516BCE5}.Release|Any CPU.Build.0 = Release|Any CPU
	EndGlobalSection
	GlobalSection(SolutionProperties) = preSolution
		HideSolutionNode = FALSE
	EndGlobalSection
	GlobalSection(ExtensibilityGlobals) = postSolution
		SolutionGuid = {D6DCD0CA-72D7-45E5-95AD-F038BD6B6251}
	EndGlobalSection
EndGlobal
